// !$*UTF8*$!
{
	archiveVersion = 1;
	classes = {
	};
	objectVersion = 77;
	objects = {

/* Begin PBXBuildFile section */
		FF878B182CC8806100511885 /* Info.plist in Resources */ = {isa = PBXBuildFile; fileRef = FF878B172CC8805F00511885 /* Info.plist */; };
/* End PBXBuildFile section */

/* Begin PBXContainerItemProxy section */
		FF878AFA2CC8792000511885 /* PBXContainerItemProxy */ = {
			isa = PBXContainerItemProxy;
			containerPortal = FF878ADE2CC8791F00511885 /* Project object */;
			proxyType = 1;
			remoteGlobalIDString = FF878AE52CC8791F00511885;
			remoteInfo = yearbar;
		};
		FF878B042CC8792000511885 /* PBXContainerItemProxy */ = {
			isa = PBXContainerItemProxy;
			containerPortal = FF878ADE2CC8791F00511885 /* Project object */;
			proxyType = 1;
			remoteGlobalIDString = FF878AE52CC8791F00511885;
			remoteInfo = yearbar;
		};
/* End PBXContainerItemProxy section */

/* Begin PBXFileReference section */
		FF878AE62CC8791F00511885 /* yearbar.app */ = {isa = PBXFileReference; explicitFileType = wrapper.application; includeInIndex = 0; path = yearbar.app; sourceTree = BUILT_PRODUCTS_DIR; };
		FF878AF92CC8792000511885 /* yearbarTests.xctest */ = {isa = PBXFileReference; explicitFileType = wrapper.cfbundle; includeInIndex = 0; path = yearbarTests.xctest; sourceTree = BUILT_PRODUCTS_DIR; };
		FF878B032CC8792000511885 /* yearbarUITests.xctest */ = {isa = PBXFileReference; explicitFileType = wrapper.cfbundle; includeInIndex = 0; path = yearbarUITests.xctest; sourceTree = BUILT_PRODUCTS_DIR; };
		FF878B172CC8805F00511885 /* Info.plist */ = {isa = PBXFileReference; lastKnownFileType = text.plist; path = Info.plist; sourceTree = "<group>"; };
/* End PBXFileReference section */

/* Begin PBXFileSystemSynchronizedRootGroup section */
		FF878AE82CC8791F00511885 /* yearbar */ = {
			isa = PBXFileSystemSynchronizedRootGroup;
			path = yearbar;
			sourceTree = "<group>";
		};
		FF878AFC2CC8792000511885 /* yearbarTests */ = {
			isa = PBXFileSystemSynchronizedRootGroup;
			path = yearbarTests;
			sourceTree = "<group>";
		};
		FF878B062CC8792000511885 /* yearbarUITests */ = {
			isa = PBXFileSystemSynchronizedRootGroup;
			path = yearbarUITests;
			sourceTree = "<group>";
		};
/* End PBXFileSystemSynchronizedRootGroup section */

/* Begin PBXFrameworksBuildPhase section */
		FF878AE32CC8791F00511885 /* Frameworks */ = {
			isa = PBXFrameworksBuildPhase;
			buildActionMask = 2147483647;
			files = (
			);
			runOnlyForDeploymentPostprocessing = 0;
		};
		FF878AF62CC8792000511885 /* Frameworks */ = {
			isa = PBXFrameworksBuildPhase;
			buildActionMask = 2147483647;
			files = (
			);
			runOnlyForDeploymentPostprocessing = 0;
		};
		FF878B002CC8792000511885 /* Frameworks */ = {
			isa = PBXFrameworksBuildPhase;
			buildActionMask = 2147483647;
			files = (
			);
			runOnlyForDeploymentPostprocessing = 0;
		};
/* End PBXFrameworksBuildPhase section */

/* Begin PBXGroup section */
		FF878ADD2CC8791F00511885 = {
			isa = PBXGroup;
			children = (
				FF878B172CC8805F00511885 /* Info.plist */,
				FF878AE82CC8791F00511885 /* yearbar */,
				FF878AFC2CC8792000511885 /* yearbarTests */,
				FF878B062CC8792000511885 /* yearbarUITests */,
				FF878AE72CC8791F00511885 /* Products */,
			);
			sourceTree = "<group>";
		};
		FF878AE72CC8791F00511885 /* Products */ = {
			isa = PBXGroup;
			children = (
				FF878AE62CC8791F00511885 /* yearbar.app */,
				FF878AF92CC8792000511885 /* yearbarTests.xctest */,
				FF878B032CC8792000511885 /* yearbarUITests.xctest */,
			);
			name = Products;
			sourceTree = "<group>";
		};
/* End PBXGroup section */

/* Begin PBXNativeTarget section */
		FF878AE52CC8791F00511885 /* yearbar */ = {
			isa = PBXNativeTarget;
			buildConfigurationList = FF878B0D2CC8792000511885 /* Build configuration list for PBXNativeTarget "yearbar" */;
			buildPhases = (
				FF878AE22CC8791F00511885 /* Sources */,
				FF878AE32CC8791F00511885 /* Frameworks */,
				FF878AE42CC8791F00511885 /* Resources */,
			);
			buildRules = (
			);
			dependencies = (
			);
			fileSystemSynchronizedGroups = (
				FF878AE82CC8791F00511885 /* yearbar */,
			);
			name = yearbar;
			packageProductDependencies = (
			);
			productName = yearbar;
			productReference = FF878AE62CC8791F00511885 /* yearbar.app */;
			productType = "com.apple.product-type.application";
		};
		FF878AF82CC8792000511885 /* yearbarTests */ = {
			isa = PBXNativeTarget;
			buildConfigurationList = FF878B102CC8792000511885 /* Build configuration list for PBXNativeTarget "yearbarTests" */;
			buildPhases = (
				FF878AF52CC8792000511885 /* Sources */,
				FF878AF62CC8792000511885 /* Frameworks */,
				FF878AF72CC8792000511885 /* Resources */,
			);
			buildRules = (
			);
			dependencies = (
				FF878AFB2CC8792000511885 /* PBXTargetDependency */,
			);
			fileSystemSynchronizedGroups = (
				FF878AFC2CC8792000511885 /* yearbarTests */,
			);
			name = yearbarTests;
			packageProductDependencies = (
			);
			productName = yearbarTests;
			productReference = FF878AF92CC8792000511885 /* yearbarTests.xctest */;
			productType = "com.apple.product-type.bundle.unit-test";
		};
		FF878B022CC8792000511885 /* yearbarUITests */ = {
			isa = PBXNativeTarget;
			buildConfigurationList = FF878B132CC8792000511885 /* Build configuration list for PBXNativeTarget "yearbarUITests" */;
			buildPhases = (
				FF878AFF2CC8792000511885 /* Sources */,
				FF878B002CC8792000511885 /* Frameworks */,
				FF878B012CC8792000511885 /* Resources */,
			);
			buildRules = (
			);
			dependencies = (
				FF878B052CC8792000511885 /* PBXTargetDependency */,
			);
			fileSystemSynchronizedGroups = (
				FF878B062CC8792000511885 /* yearbarUITests */,
			);
			name = yearbarUITests;
			packageProductDependencies = (
			);
			productName = yearbarUITests;
			productReference = FF878B032CC8792000511885 /* yearbarUITests.xctest */;
			productType = "com.apple.product-type.bundle.ui-testing";
		};
/* End PBXNativeTarget section */

/* Begin PBXProject section */
		FF878ADE2CC8791F00511885 /* Project object */ = {
			isa = PBXProject;
			attributes = {
				BuildIndependentTargetsInParallel = 1;
				LastSwiftUpdateCheck = 1600;
				LastUpgradeCheck = 1600;
				TargetAttributes = {
					FF878AE52CC8791F00511885 = {
						CreatedOnToolsVersion = 16.0;
					};
					FF878AF82CC8792000511885 = {
						CreatedOnToolsVersion = 16.0;
						TestTargetID = FF878AE52CC8791F00511885;
					};
					FF878B022CC8792000511885 = {
						CreatedOnToolsVersion = 16.0;
						TestTargetID = FF878AE52CC8791F00511885;
					};
				};
			};
			buildConfigurationList = FF878AE12CC8791F00511885 /* Build configuration list for PBXProject "yearbar" */;
			developmentRegion = en;
			hasScannedForEncodings = 0;
			knownRegions = (
				en,
				Base,
			);
			mainGroup = FF878ADD2CC8791F00511885;
			minimizedProjectReferenceProxies = 1;
			preferredProjectObjectVersion = 77;
			productRefGroup = FF878AE72CC8791F00511885 /* Products */;
			projectDirPath = "";
			projectRoot = "";
			targets = (
				FF878AE52CC8791F00511885 /* yearbar */,
				FF878AF82CC8792000511885 /* yearbarTests */,
				FF878B022CC8792000511885 /* yearbarUITests */,
			);
		};
/* End PBXProject section */

/* Begin PBXResourcesBuildPhase section */
		FF878AE42CC8791F00511885 /* Resources */ = {
			isa = PBXResourcesBuildPhase;
			buildActionMask = 2147483647;
			files = (
				FF878B182CC8806100511885 /* Info.plist in Resources */,
			);
			runOnlyForDeploymentPostprocessing = 0;
		};
		FF878AF72CC8792000511885 /* Resources */ = {
			isa = PBXResourcesBuildPhase;
			buildActionMask = 2147483647;
			files = (
			);
			runOnlyForDeploymentPostprocessing = 0;
		};
		FF878B012CC8792000511885 /* Resources */ = {
			isa = PBXResourcesBuildPhase;
			buildActionMask = 2147483647;
			files = (
			);
			runOnlyForDeploymentPostprocessing = 0;
		};
/* End PBXResourcesBuildPhase section */

/* Begin PBXSourcesBuildPhase section */
		FF878AE22CC8791F00511885 /* Sources */ = {
			isa = PBXSourcesBuildPhase;
			buildActionMask = 2147483647;
			files = (
			);
			runOnlyForDeploymentPostprocessing = 0;
		};
		FF878AF52CC8792000511885 /* Sources */ = {
			isa = PBXSourcesBuildPhase;
			buildActionMask = 2147483647;
			files = (
			);
			runOnlyForDeploymentPostprocessing = 0;
		};
		FF878AFF2CC8792000511885 /* Sources */ = {
			isa = PBXSourcesBuildPhase;
			buildActionMask = 2147483647;
			files = (
			);
			runOnlyForDeploymentPostprocessing = 0;
		};
/* End PBXSourcesBuildPhase section */

/* Begin PBXTargetDependency section */
		FF878AFB2CC8792000511885 /* PBXTargetDependency */ = {
			isa = PBXTargetDependency;
			target = FF878AE52CC8791F00511885 /* yearbar */;
			targetProxy = FF878AFA2CC8792000511885 /* PBXContainerItemProxy */;
		};
		FF878B052CC8792000511885 /* PBXTargetDependency */ = {
			isa = PBXTargetDependency;
			target = FF878AE52CC8791F00511885 /* yearbar */;
			targetProxy = FF878B042CC8792000511885 /* PBXContainerItemProxy */;
		};
/* End PBXTargetDependency section */

/* Begin XCBuildConfiguration section */
		FF878B0B2CC8792000511885 /* Debug */ = {
			isa = XCBuildConfiguration;
			buildSettings = {
				ALWAYS_SEARCH_USER_PATHS = NO;
				ASSETCATALOG_COMPILER_GENERATE_SWIFT_ASSET_SYMBOL_EXTENSIONS = YES;
				CLANG_ANALYZER_NONNULL = YES;
				CLANG_ANALYZER_NUMBER_OBJECT_CONVERSION = YES_AGGRESSIVE;
				CLANG_CXX_LANGUAGE_STANDARD = "gnu++20";
				CLANG_ENABLE_MODULES = YES;
				CLANG_ENABLE_OBJC_ARC = YES;
				CLANG_ENABLE_OBJC_WEAK = YES;
				CLANG_WARN_BLOCK_CAPTURE_AUTORELEASING = YES;
				CLANG_WARN_BOOL_CONVERSION = YES;
				CLANG_WARN_COMMA = YES;
				CLANG_WARN_CONSTANT_CONVERSION = YES;
				CLANG_WARN_DEPRECATED_OBJC_IMPLEMENTATIONS = YES;
				CLANG_WARN_DIRECT_OBJC_ISA_USAGE = YES_ERROR;
				CLANG_WARN_DOCUMENTATION_COMMENTS = YES;
				CLANG_WARN_EMPTY_BODY = YES;
				CLANG_WARN_ENUM_CONVERSION = YES;
				CLANG_WARN_INFINITE_RECURSION = YES;
				CLANG_WARN_INT_CONVERSION = YES;
				CLANG_WARN_NON_LITERAL_NULL_CONVERSION = YES;
				CLANG_WARN_OBJC_IMPLICIT_RETAIN_SELF = YES;
				CLANG_WARN_OBJC_LITERAL_CONVERSION = YES;
				CLANG_WARN_OBJC_ROOT_CLASS = YES_ERROR;
				CLANG_WARN_QUOTED_INCLUDE_IN_FRAMEWORK_HEADER = YES;
				CLANG_WARN_RANGE_LOOP_ANALYSIS = YES;
				CLANG_WARN_STRICT_PROTOTYPES = YES;
				CLANG_WARN_SUSPICIOUS_MOVE = YES;
				CLANG_WARN_UNGUARDED_AVAILABILITY = YES_AGGRESSIVE;
				CLANG_WARN_UNREACHABLE_CODE = YES;
				CLANG_WARN__DUPLICATE_METHOD_MATCH = YES;
				COPY_PHASE_STRIP = NO;
				DEBUG_INFORMATION_FORMAT = dwarf;
				ENABLE_STRICT_OBJC_MSGSEND = YES;
				ENABLE_TESTABILITY = YES;
				ENABLE_USER_SCRIPT_SANDBOXING = YES;
				GCC_C_LANGUAGE_STANDARD = gnu17;
				GCC_DYNAMIC_NO_PIC = NO;
				GCC_NO_COMMON_BLOCKS = YES;
				GCC_OPTIMIZATION_LEVEL = 0;
				GCC_PREPROCESSOR_DEFINITIONS = (
					"DEBUG=1",
					"$(inherited)",
				);
				GCC_WARN_64_TO_32_BIT_CONVERSION = YES;
				GCC_WARN_ABOUT_RETURN_TYPE = YES_ERROR;
				GCC_WARN_UNDECLARED_SELECTOR = YES;
				GCC_WARN_UNINITIALIZED_AUTOS = YES_AGGRESSIVE;
				GCC_WARN_UNUSED_FUNCTION = YES;
				GCC_WARN_UNUSED_VARIABLE = YES;
				LOCALIZATION_PREFERS_STRING_CATALOGS = YES;
				MACOSX_DEPLOYMENT_TARGET = 15.0;
				MTL_ENABLE_DEBUG_INFO = INCLUDE_SOURCE;
				MTL_FAST_MATH = YES;
				ONLY_ACTIVE_ARCH = YES;
				SDKROOT = macosx;
				SWIFT_ACTIVE_COMPILATION_CONDITIONS = "DEBUG $(inherited)";
				SWIFT_OPTIMIZATION_LEVEL = "-Onone";
			};
			name = Debug;
		};
		FF878B0C2CC8792000511885 /* Release */ = {
			isa = XCBuildConfiguration;
			buildSettings = {
				ALWAYS_SEARCH_USER_PATHS = NO;
				ASSETCATALOG_COMPILER_GENERATE_SWIFT_ASSET_SYMBOL_EXTENSIONS = YES;
				CLANG_ANALYZER_NONNULL = YES;
				CLANG_ANALYZER_NUMBER_OBJECT_CONVERSION = YES_AGGRESSIVE;
				CLANG_CXX_LANGUAGE_STANDARD = "gnu++20";
				CLANG_ENABLE_MODULES = YES;
				CLANG_ENABLE_OBJC_ARC = YES;
				CLANG_ENABLE_OBJC_WEAK = YES;
				CLANG_WARN_BLOCK_CAPTURE_AUTORELEASING = YES;
				CLANG_WARN_BOOL_CONVERSION = YES;
				CLANG_WARN_COMMA = YES;
				CLANG_WARN_CONSTANT_CONVERSION = YES;
				CLANG_WARN_DEPRECATED_OBJC_IMPLEMENTATIONS = YES;
				CLANG_WARN_DIRECT_OBJC_ISA_USAGE = YES_ERROR;
				CLANG_WARN_DOCUMENTATION_COMMENTS = YES;
				CLANG_WARN_EMPTY_BODY = YES;
				CLANG_WARN_ENUM_CONVERSION = YES;
				CLANG_WARN_INFINITE_RECURSION = YES;
				CLANG_WARN_INT_CONVERSION = YES;
				CLANG_WARN_NON_LITERAL_NULL_CONVERSION = YES;
				CLANG_WARN_OBJC_IMPLICIT_RETAIN_SELF = YES;
				CLANG_WARN_OBJC_LITERAL_CONVERSION = YES;
				CLANG_WARN_OBJC_ROOT_CLASS = YES_ERROR;
				CLANG_WARN_QUOTED_INCLUDE_IN_FRAMEWORK_HEADER = YES;
				CLANG_WARN_RANGE_LOOP_ANALYSIS = YES;
				CLANG_WARN_STRICT_PROTOTYPES = YES;
				CLANG_WARN_SUSPICIOUS_MOVE = YES;
				CLANG_WARN_UNGUARDED_AVAILABILITY = YES_AGGRESSIVE;
				CLANG_WARN_UNREACHABLE_CODE = YES;
				CLANG_WARN__DUPLICATE_METHOD_MATCH = YES;
				COPY_PHASE_STRIP = NO;
				DEBUG_INFORMATION_FORMAT = "dwarf-with-dsym";
				ENABLE_NS_ASSERTIONS = NO;
				ENABLE_STRICT_OBJC_MSGSEND = YES;
				ENABLE_USER_SCRIPT_SANDBOXING = YES;
				GCC_C_LANGUAGE_STANDARD = gnu17;
				GCC_NO_COMMON_BLOCKS = YES;
				GCC_WARN_64_TO_32_BIT_CONVERSION = YES;
				GCC_WARN_ABOUT_RETURN_TYPE = YES_ERROR;
				GCC_WARN_UNDECLARED_SELECTOR = YES;
				GCC_WARN_UNINITIALIZED_AUTOS = YES_AGGRESSIVE;
				GCC_WARN_UNUSED_FUNCTION = YES;
				GCC_WARN_UNUSED_VARIABLE = YES;
				LOCALIZATION_PREFERS_STRING_CATALOGS = YES;
				MACOSX_DEPLOYMENT_TARGET = 15.0;
				MTL_ENABLE_DEBUG_INFO = NO;
				MTL_FAST_MATH = YES;
				SDKROOT = macosx;
				SWIFT_COMPILATION_MODE = wholemodule;
			};
			name = Release;
		};
		FF878B0E2CC8792000511885 /* Debug */ = {
			isa = XCBuildConfiguration;
			buildSettings = {
				ASSETCATALOG_COMPILER_APPICON_NAME = AppIcon;
				ASSETCATALOG_COMPILER_GLOBAL_ACCENT_COLOR_NAME = AccentColor;
				CODE_SIGN_ENTITLEMENTS = yearbar/yearbar.entitlements;
				CODE_SIGN_IDENTITY = "Apple Development";
				CODE_SIGN_STYLE = Automatic;
				COMBINE_HIDPI_IMAGES = YES;
				CURRENT_PROJECT_VERSION = 1;
				DEVELOPMENT_ASSET_PATHS = "\"yearbar/Preview Content\"";
				DEVELOPMENT_TEAM = 2RG6FYNYYG;
				ENABLE_HARDENED_RUNTIME = YES;
				ENABLE_PREVIEWS = YES;
				GENERATE_INFOPLIST_FILE = YES;
				INFOPLIST_KEY_NSHumanReadableCopyright = "";
				LD_RUNPATH_SEARCH_PATHS = (
					"$(inherited)",
					"@executable_path/../Frameworks",
				);
				MACOSX_DEPLOYMENT_TARGET = 14.0;
				MARKETING_VERSION = 1.0;
				PRODUCT_BUNDLE_IDENTIFIER = com.prakash.yearbar;
				PRODUCT_NAME = "$(TARGET_NAME)";
				PROVISIONING_PROFILE_SPECIFIER = "";
				SWIFT_EMIT_LOC_STRINGS = YES;
				SWIFT_VERSION = 5.0;
			};
			name = Debug;
		};
		FF878B0F2CC8792000511885 /* Release */ = {
			isa = XCBuildConfiguration;
			buildSettings = {
				ASSETCATALOG_COMPILER_APPICON_NAME = AppIcon;
				ASSETCATALOG_COMPILER_GLOBAL_ACCENT_COLOR_NAME = AccentColor;
				CODE_SIGN_ENTITLEMENTS = yearbar/yearbar.entitlements;
				CODE_SIGN_IDENTITY = "Apple Development";
				CODE_SIGN_STYLE = Automatic;
				COMBINE_HIDPI_IMAGES = YES;
				CURRENT_PROJECT_VERSION = 1;
				DEVELOPMENT_ASSET_PATHS = "\"yearbar/Preview Content\"";
				DEVELOPMENT_TEAM = 2RG6FYNYYG;
				ENABLE_HARDENED_RUNTIME = YES;
				ENABLE_PREVIEWS = YES;
				GENERATE_INFOPLIST_FILE = YES;
				INFOPLIST_KEY_NSHumanReadableCopyright = "";
				LD_RUNPATH_SEARCH_PATHS = (
					"$(inherited)",
					"@executable_path/../Frameworks",
				);
				MACOSX_DEPLOYMENT_TARGET = 14.0;
				MARKETING_VERSION = 1.0;
				PRODUCT_BUNDLE_IDENTIFIER = com.prakash.yearbar;
				PRODUCT_NAME = "$(TARGET_NAME)";
				PROVISIONING_PROFILE_SPECIFIER = "";
				SWIFT_EMIT_LOC_STRINGS = YES;
				SWIFT_VERSION = 5.0;
			};
			name = Release;
		};
		FF878B112CC8792000511885 /* Debug */ = {
			isa = XCBuildConfiguration;
			buildSettings = {
				BUNDLE_LOADER = "$(TEST_HOST)";
				CODE_SIGN_STYLE = Automatic;
				CURRENT_PROJECT_VERSION = 1;
				DEVELOPMENT_TEAM = 2RG6FYNYYG;
				GENERATE_INFOPLIST_FILE = YES;
				MACOSX_DEPLOYMENT_TARGET = 14.0;
				MARKETING_VERSION = 1.0;
				PRODUCT_BUNDLE_IDENTIFIER = com.prakash.yearbarTests;
				PRODUCT_NAME = "$(TARGET_NAME)";
				SWIFT_EMIT_LOC_STRINGS = NO;
				SWIFT_VERSION = 5.0;
				TEST_HOST = "$(BUILT_PRODUCTS_DIR)/yearbar.app/$(BUNDLE_EXECUTABLE_FOLDER_PATH)/yearbar";
			};
			name = Debug;
		};
		FF878B122CC8792000511885 /* Release */ = {
			isa = XCBuildConfiguration;
			buildSettings = {
				BUNDLE_LOADER = "$(TEST_HOST)";
				CODE_SIGN_STYLE = Automatic;
				CURRENT_PROJECT_VERSION = 1;
				DEVELOPMENT_TEAM = 2RG6FYNYYG;
				GENERATE_INFOPLIST_FILE = YES;
				MACOSX_DEPLOYMENT_TARGET = 14.0;
				MARKETING_VERSION = 1.0;
				PRODUCT_BUNDLE_IDENTIFIER = com.prakash.yearbarTests;
				PRODUCT_NAME = "$(TARGET_NAME)";
				SWIFT_EMIT_LOC_STRINGS = NO;
				SWIFT_VERSION = 5.0;
				TEST_HOST = "$(BUILT_PRODUCTS_DIR)/yearbar.app/$(BUNDLE_EXECUTABLE_FOLDER_PATH)/yearbar";
			};
			name = Release;
		};
		FF878B142CC8792000511885 /* Debug */ = {
			isa = XCBuildConfiguration;
			buildSettings = {
				CODE_SIGN_STYLE = Automatic;
				CURRENT_PROJECT_VERSION = 1;
				DEVELOPMENT_TEAM = 2RG6FYNYYG;
				GENERATE_INFOPLIST_FILE = YES;
				MARKETING_VERSION = 1.0;
				PRODUCT_BUNDLE_IDENTIFIER = com.prakash.yearbarUITests;
				PRODUCT_NAME = "$(TARGET_NAME)";
				SWIFT_EMIT_LOC_STRINGS = NO;
				SWIFT_VERSION = 5.0;
				TEST_TARGET_NAME = yearbar;
			};
			name = Debug;
		};
		FF878B152CC8792000511885 /* Release */ = {
			isa = XCBuildConfiguration;
			buildSettings = {
				CODE_SIGN_STYLE = Automatic;
				CURRENT_PROJECT_VERSION = 1;
				DEVELOPMENT_TEAM = 2RG6FYNYYG;
				GENERATE_INFOPLIST_FILE = YES;
				MARKETING_VERSION = 1.0;
				PRODUCT_BUNDLE_IDENTIFIER = com.prakash.yearbarUITests;
				PRODUCT_NAME = "$(TARGET_NAME)";
				SWIFT_EMIT_LOC_STRINGS = NO;
				SWIFT_VERSION = 5.0;
				TEST_TARGET_NAME = yearbar;
			};
			name = Release;
		};
/* End XCBuildConfiguration section */

/* Begin XCConfigurationList section */
		FF878AE12CC8791F00511885 /* Build configuration list for PBXProject "yearbar" */ = {
			isa = XCConfigurationList;
			buildConfigurations = (
				FF878B0B2CC8792000511885 /* Debug */,
				FF878B0C2CC8792000511885 /* Release */,
			);
			defaultConfigurationIsVisible = 0;
			defaultConfigurationName = Release;
		};
		FF878B0D2CC8792000511885 /* Build configuration list for PBXNativeTarget "yearbar" */ = {
			isa = XCConfigurationList;
			buildConfigurations = (
				FF878B0E2CC8792000511885 /* Debug */,
				FF878B0F2CC8792000511885 /* Release */,
			);
			defaultConfigurationIsVisible = 0;
			defaultConfigurationName = Release;
		};
		FF878B102CC8792000511885 /* Build configuration list for PBXNativeTarget "yearbarTests" */ = {
			isa = XCConfigurationList;
			buildConfigurations = (
				FF878B112CC8792000511885 /* Debug */,
				FF878B122CC8792000511885 /* Release */,
			);
			defaultConfigurationIsVisible = 0;
			defaultConfigurationName = Release;
		};
		FF878B132CC8792000511885 /* Build configuration list for PBXNativeTarget "yearbarUITests" */ = {
			isa = XCConfigurationList;
			buildConfigurations = (
				FF878B142CC8792000511885 /* Debug */,
				FF878B152CC8792000511885 /* Release */,
			);
			defaultConfigurationIsVisible = 0;
			defaultConfigurationName = Release;
		};
/* End XCConfigurationList section */
	};
	rootObject = FF878ADE2CC8791F00511885 /* Project object */;
}
